
Microsoft Visual Studio Solution File, Format Version 12.00
Project("{2150E333-8FDC-42A3-9474-1A3956D46DE8}") = "Application", "Application", "{06BBD743-0D00-46A8-A353-A030C597A8E9}"
EndProject
Project("{2150E333-8FDC-42A3-9474-1A3956D46DE8}") = "Core", "Core", "{570ED3E4-1B1C-4A90-A71A-F270F9A3C7D0}"
EndProject
Project("{2150E333-8FDC-42A3-9474-1A3956D46DE8}") = "Presentation", "Presentation", "{0822A165-6C5D-482F-99A8-BFED994FAD92}"
EndProject
Project("{2150E333-8FDC-42A3-9474-1A3956D46DE8}") = "Infrasructure", "Infrasructure", "{4ED051DC-6122-47A7-A09F-4236C1CD1012}"
EndProject
Project("{2150E333-8FDC-42A3-9474-1A3956D46DE8}") = "Domain", "Domain", "{CE49EB4F-F3C1-4B77-84E3-BC258517B136}"
EndProject
Project("{FAE04EC0-301F-11D3-BF4B-00C04F79EFBC}") = "Project.Domain", "Core\Domain\Project.Domain\Project.Domain.csproj", "{1B1FF639-35DD-4E6F-8B67-38FF1F14D0C0}"
EndProject
Project("{FAE04EC0-301F-11D3-BF4B-00C04F79EFBC}") = "Project.Application", "Project.Application\Project.Application.csproj", "{A05C6277-7902-4D8D-8FAF-E247D08E0A27}"
EndProject
Project("{2150E333-8FDC-42A3-9474-1A3956D46DE8}") = "Infrastructure", "Infrastructure", "{3AE3883E-2840-4441-A490-25CF7381BD30}"
EndProject
Project("{FAE04EC0-301F-11D3-BF4B-00C04F79EFBC}") = "Project.Infrastructure", "Project.Infrastructure\Project.Infrastructure.csproj", "{D7FD852B-1091-4538-9F5A-6D5AD231C2B6}"
EndProject
Project("{2150E333-8FDC-42A3-9474-1A3956D46DE8}") = "Persistance", "Persistance", "{35F80409-BD82-4B3E-B730-F174461C9E10}"
EndProject
Project("{FAE04EC0-301F-11D3-BF4B-00C04F79EFBC}") = "Project.Persistance", "Project.Persistance\Project.Persistance.csproj", "{8A9A1F13-09B5-4EF7-B75E-D96CE0BE65CC}"
EndProject
Project("{FAE04EC0-301F-11D3-BF4B-00C04F79EFBC}") = "Project.API", "Project.API\Project.API.csproj", "{14DEFF6C-B6AC-4E13-93DB-6E1E5B3C161A}"
EndProject
Global
	GlobalSection(SolutionConfigurationPlatforms) = preSolution
		Debug|Any CPU = Debug|Any CPU
		Release|Any CPU = Release|Any CPU
	EndGlobalSection
	GlobalSection(ProjectConfigurationPlatforms) = postSolution
		{1B1FF639-35DD-4E6F-8B67-38FF1F14D0C0}.Debug|Any CPU.ActiveCfg = Debug|Any CPU
		{1B1FF639-35DD-4E6F-8B67-38FF1F14D0C0}.Debug|Any CPU.Build.0 = Debug|Any CPU
		{1B1FF639-35DD-4E6F-8B67-38FF1F14D0C0}.Release|Any CPU.ActiveCfg = Release|Any CPU
		{1B1FF639-35DD-4E6F-8B67-38FF1F14D0C0}.Release|Any CPU.Build.0 = Release|Any CPU
		{A05C6277-7902-4D8D-8FAF-E247D08E0A27}.Debug|Any CPU.ActiveCfg = Debug|Any CPU
		{A05C6277-7902-4D8D-8FAF-E247D08E0A27}.Debug|Any CPU.Build.0 = Debug|Any CPU
		{A05C6277-7902-4D8D-8FAF-E247D08E0A27}.Release|Any CPU.ActiveCfg = Release|Any CPU
		{A05C6277-7902-4D8D-8FAF-E247D08E0A27}.Release|Any CPU.Build.0 = Release|Any CPU
		{D7FD852B-1091-4538-9F5A-6D5AD231C2B6}.Debug|Any CPU.ActiveCfg = Debug|Any CPU
		{D7FD852B-1091-4538-9F5A-6D5AD231C2B6}.Debug|Any CPU.Build.0 = Debug|Any CPU
		{D7FD852B-1091-4538-9F5A-6D5AD231C2B6}.Release|Any CPU.ActiveCfg = Release|Any CPU
		{D7FD852B-1091-4538-9F5A-6D5AD231C2B6}.Release|Any CPU.Build.0 = Release|Any CPU
		{8A9A1F13-09B5-4EF7-B75E-D96CE0BE65CC}.Debug|Any CPU.ActiveCfg = Debug|Any CPU
		{8A9A1F13-09B5-4EF7-B75E-D96CE0BE65CC}.Debug|Any CPU.Build.0 = Debug|Any CPU
		{8A9A1F13-09B5-4EF7-B75E-D96CE0BE65CC}.Release|Any CPU.ActiveCfg = Release|Any CPU
		{8A9A1F13-09B5-4EF7-B75E-D96CE0BE65CC}.Release|Any CPU.Build.0 = Release|Any CPU
		{14DEFF6C-B6AC-4E13-93DB-6E1E5B3C161A}.Debug|Any CPU.ActiveCfg = Debug|Any CPU
		{14DEFF6C-B6AC-4E13-93DB-6E1E5B3C161A}.Debug|Any CPU.Build.0 = Debug|Any CPU
		{14DEFF6C-B6AC-4E13-93DB-6E1E5B3C161A}.Release|Any CPU.ActiveCfg = Release|Any CPU
		{14DEFF6C-B6AC-4E13-93DB-6E1E5B3C161A}.Release|Any CPU.Build.0 = Release|Any CPU
	EndGlobalSection
	GlobalSection(NestedProjects) = preSolution
		{CE49EB4F-F3C1-4B77-84E3-BC258517B136} = {570ED3E4-1B1C-4A90-A71A-F270F9A3C7D0}
		{1B1FF639-35DD-4E6F-8B67-38FF1F14D0C0} = {CE49EB4F-F3C1-4B77-84E3-BC258517B136}
		{A05C6277-7902-4D8D-8FAF-E247D08E0A27} = {06BBD743-0D00-46A8-A353-A030C597A8E9}
		{3AE3883E-2840-4441-A490-25CF7381BD30} = {4ED051DC-6122-47A7-A09F-4236C1CD1012}
		{D7FD852B-1091-4538-9F5A-6D5AD231C2B6} = {3AE3883E-2840-4441-A490-25CF7381BD30}
		{35F80409-BD82-4B3E-B730-F174461C9E10} = {4ED051DC-6122-47A7-A09F-4236C1CD1012}
		{8A9A1F13-09B5-4EF7-B75E-D96CE0BE65CC} = {35F80409-BD82-4B3E-B730-F174461C9E10}
		{14DEFF6C-B6AC-4E13-93DB-6E1E5B3C161A} = {0822A165-6C5D-482F-99A8-BFED994FAD92}
	EndGlobalSection
EndGlobal
